
Microsoft Visual Studio Solution File, Format Version 12.00
# Visual Studio Version 16
VisualStudioVersion = 16.0.30011.22
MinimumVisualStudioVersion = 10.0.40219.1
Project("{FAE04EC0-301F-11D3-BF4B-00C04F79EFBC}") = "BlazorLearn", "BlazorLearn\BlazorLearn.csproj", "{129CD7A2-FDE3-4BD9-98C9-BCBAF85EC1B9}"
EndProject
Global
	GlobalSection(SolutionConfigurationPlatforms) = preSolution
		Debug|Any CPU = Debug|Any CPU
		Release|Any CPU = Release|Any CPU
	EndGlobalSection
	GlobalSection(ProjectConfigurationPlatforms) = postSolution
		{129CD7A2-FDE3-4BD9-98C9-BCBAF85EC1B9}.Debug|Any CPU.ActiveCfg = Debug|Any CPU
		{129CD7A2-FDE3-4BD9-98C9-BCBAF85EC1B9}.Debug|Any CPU.Build.0 = Debug|Any CPU
		{129CD7A2-FDE3-4BD9-98C9-BCBAF85EC1B9}.Release|Any CPU.ActiveCfg = Release|Any CPU
		{129CD7A2-FDE3-4BD9-98C9-BCBAF85EC1B9}.Release|Any CPU.Build.0 = Release|Any CPU
	EndGlobalSection
	GlobalSection(SolutionProperties) = preSolution
		HideSolutionNode = FALSE
	EndGlobalSection
	GlobalSection(ExtensibilityGlobals) = postSolution
		SolutionGuid = {BF18FA7C-9BCE-4538-BF3A-836B4451F3A9}
	EndGlobalSection
EndGlobal
