
Microsoft Visual Studio Solution File, Format Version 12.00
# Visual Studio Version 16
VisualStudioVersion = 16.0.30011.22
MinimumVisualStudioVersion = 10.0.40219.1
Project("{FAE04EC0-301F-11D3-BF4B-00C04F79EFBC}") = "BlazorProject", "BlazorProject\BlazorProject.csproj", "{33BA62AE-CD34-4AB4-8A47-91F1B451E49A}"
EndProject
Global
	GlobalSection(SolutionConfigurationPlatforms) = preSolution
		Debug|Any CPU = Debug|Any CPU
		Release|Any CPU = Release|Any CPU
	EndGlobalSection
	GlobalSection(ProjectConfigurationPlatforms) = postSolution
		{33BA62AE-CD34-4AB4-8A47-91F1B451E49A}.Debug|Any CPU.ActiveCfg = Debug|Any CPU
		{33BA62AE-CD34-4AB4-8A47-91F1B451E49A}.Debug|Any CPU.Build.0 = Debug|Any CPU
		{33BA62AE-CD34-4AB4-8A47-91F1B451E49A}.Release|Any CPU.ActiveCfg = Release|Any CPU
		{33BA62AE-CD34-4AB4-8A47-91F1B451E49A}.Release|Any CPU.Build.0 = Release|Any CPU
	EndGlobalSection
	GlobalSection(SolutionProperties) = preSolution
		HideSolutionNode = FALSE
	EndGlobalSection
	GlobalSection(ExtensibilityGlobals) = postSolution
		SolutionGuid = {19A1F75A-D594-4398-8709-A41AF26CBE88}
	EndGlobalSection
EndGlobal
