
Microsoft Visual Studio Solution File, Format Version 12.00
# Visual Studio Version 16
VisualStudioVersion = 16.0.30225.117
MinimumVisualStudioVersion = 10.0.40219.1
Project("{FAE04EC0-301F-11D3-BF4B-00C04F79EFBC}") = "ElectronNet", "ElectronNet\ElectronNet.csproj", "{B98E205E-C309-4C23-8D7A-FABB8AE6E589}"
EndProject
Global
	GlobalSection(SolutionConfigurationPlatforms) = preSolution
		Debug|Any CPU = Debug|Any CPU
		Release|Any CPU = Release|Any CPU
	EndGlobalSection
	GlobalSection(ProjectConfigurationPlatforms) = postSolution
		{B98E205E-C309-4C23-8D7A-FABB8AE6E589}.Debug|Any CPU.ActiveCfg = Debug|Any CPU
		{B98E205E-C309-4C23-8D7A-FABB8AE6E589}.Debug|Any CPU.Build.0 = Debug|Any CPU
		{B98E205E-C309-4C23-8D7A-FABB8AE6E589}.Release|Any CPU.ActiveCfg = Release|Any CPU
		{B98E205E-C309-4C23-8D7A-FABB8AE6E589}.Release|Any CPU.Build.0 = Release|Any CPU
	EndGlobalSection
	GlobalSection(SolutionProperties) = preSolution
		HideSolutionNode = FALSE
	EndGlobalSection
	GlobalSection(ExtensibilityGlobals) = postSolution
		SolutionGuid = {0E95A773-2FA9-4A25-95B7-0C242D28A517}
	EndGlobalSection
EndGlobal
