
Microsoft Visual Studio Solution File, Format Version 12.00
# Visual Studio Version 16
VisualStudioVersion = 16.0.30011.22
MinimumVisualStudioVersion = 10.0.40219.1
Project("{FAE04EC0-301F-11D3-BF4B-00C04F79EFBC}") = "DevExpressProject", "DevExpressProject\DevExpressProject.csproj", "{0F95ABD7-07C0-4AEB-904B-19032CCB7D64}"
EndProject
Global
	GlobalSection(SolutionConfigurationPlatforms) = preSolution
		Debug|Any CPU = Debug|Any CPU
		Release|Any CPU = Release|Any CPU
	EndGlobalSection
	GlobalSection(ProjectConfigurationPlatforms) = postSolution
		{0F95ABD7-07C0-4AEB-904B-19032CCB7D64}.Debug|Any CPU.ActiveCfg = Debug|Any CPU
		{0F95ABD7-07C0-4AEB-904B-19032CCB7D64}.Debug|Any CPU.Build.0 = Debug|Any CPU
		{0F95ABD7-07C0-4AEB-904B-19032CCB7D64}.Release|Any CPU.ActiveCfg = Release|Any CPU
		{0F95ABD7-07C0-4AEB-904B-19032CCB7D64}.Release|Any CPU.Build.0 = Release|Any CPU
	EndGlobalSection
	GlobalSection(SolutionProperties) = preSolution
		HideSolutionNode = FALSE
	EndGlobalSection
	GlobalSection(ExtensibilityGlobals) = postSolution
		SolutionGuid = {4B225912-07A0-4E76-92A8-11049E9DDEB5}
	EndGlobalSection
EndGlobal
